// !$*UTF8*$!
{
	archiveVersion = 1;
	classes = {
	};
	objectVersion = 46;
	objects = {

/* Begin PBXBuildFile section */
		F8F3A669149CF5DA000CD0A4 /* UIKit.framework in Frameworks */ = {isa = PBXBuildFile; fileRef = F8F3A668149CF5DA000CD0A4 /* UIKit.framework */; };
		F8F3A66B149CF5DA000CD0A4 /* Foundation.framework in Frameworks */ = {isa = PBXBuildFile; fileRef = F8F3A66A149CF5DA000CD0A4 /* Foundation.framework */; };
		F8F3A66D149CF5DA000CD0A4 /* CoreGraphics.framework in Frameworks */ = {isa = PBXBuildFile; fileRef = F8F3A66C149CF5DA000CD0A4 /* CoreGraphics.framework */; };
		F8F3A673149CF5DA000CD0A4 /* InfoPlist.strings in Resources */ = {isa = PBXBuildFile; fileRef = F8F3A671149CF5DA000CD0A4 /* InfoPlist.strings */; };
		F8F3A675149CF5DA000CD0A4 /* main.m in Sources */ = {isa = PBXBuildFile; fileRef = F8F3A674149CF5DA000CD0A4 /* main.m */; };
		F8F3A679149CF5DA000CD0A4 /* AppDelegate.m in Sources */ = {isa = PBXBuildFile; fileRef = F8F3A678149CF5DA000CD0A4 /* AppDelegate.m */; };
		F8F3A681149CF672000CD0A4 /* PhotosViewController.m in Sources */ = {isa = PBXBuildFile; fileRef = F8F3A680149CF672000CD0A4 /* PhotosViewController.m */; };
		F8F3A69B149D0317000CD0A4 /* AFHTTPClient.m in Sources */ = {isa = PBXBuildFile; fileRef = F8F3A686149D0317000CD0A4 /* AFHTTPClient.m */; };
		F8F3A69C149D0317000CD0A4 /* AFHTTPRequestOperation.m in Sources */ = {isa = PBXBuildFile; fileRef = F8F3A688149D0317000CD0A4 /* AFHTTPRequestOperation.m */; };
		F8F3A69D149D0317000CD0A4 /* AFImageCache.m in Sources */ = {isa = PBXBuildFile; fileRef = F8F3A68A149D0317000CD0A4 /* AFImageCache.m */; };
		F8F3A69E149D0317000CD0A4 /* AFImageRequestOperation.m in Sources */ = {isa = PBXBuildFile; fileRef = F8F3A68C149D0317000CD0A4 /* AFImageRequestOperation.m */; };
		F8F3A69F149D0317000CD0A4 /* AFJSONRequestOperation.m in Sources */ = {isa = PBXBuildFile; fileRef = F8F3A68E149D0317000CD0A4 /* AFJSONRequestOperation.m */; };
		F8F3A6A0149D0317000CD0A4 /* AFNetworkActivityIndicatorManager.m in Sources */ = {isa = PBXBuildFile; fileRef = F8F3A691149D0317000CD0A4 /* AFNetworkActivityIndicatorManager.m */; };
		F8F3A6A1149D0317000CD0A4 /* AFPropertyListRequestOperation.m in Sources */ = {isa = PBXBuildFile; fileRef = F8F3A694149D0317000CD0A4 /* AFPropertyListRequestOperation.m */; };
		F8F3A6A2149D0317000CD0A4 /* AFURLConnectionOperation.m in Sources */ = {isa = PBXBuildFile; fileRef = F8F3A696149D0317000CD0A4 /* AFURLConnectionOperation.m */; };
		F8F3A6A3149D0317000CD0A4 /* AFXMLRequestOperation.m in Sources */ = {isa = PBXBuildFile; fileRef = F8F3A698149D0317000CD0A4 /* AFXMLRequestOperation.m */; };
		F8F3A6A4149D0317000CD0A4 /* UIImageView+AFNetworking.m in Sources */ = {isa = PBXBuildFile; fileRef = F8F3A69A149D0317000CD0A4 /* UIImageView+AFNetworking.m */; };
		F8F3A6A7149D0374000CD0A4 /* SaxophotoAPIClient.m in Sources */ = {isa = PBXBuildFile; fileRef = F8F3A6A6149D0374000CD0A4 /* SaxophotoAPIClient.m */; };
		F8F3A6AA149D0CAD000CD0A4 /* Photo.m in Sources */ = {isa = PBXBuildFile; fileRef = F8F3A6A9149D0CAD000CD0A4 /* Photo.m */; };
		F8F3A6AD149D0E6F000CD0A4 /* placeholder-photo.png in Resources */ = {isa = PBXBuildFile; fileRef = F8F3A6AC149D0E6F000CD0A4 /* placeholder-photo.png */; };
/* End PBXBuildFile section */

/* Begin PBXFileReference section */
		F8F3A664149CF5DA000CD0A4 /* Saxophoto.app */ = {isa = PBXFileReference; explicitFileType = wrapper.application; includeInIndex = 0; path = Saxophoto.app; sourceTree = BUILT_PRODUCTS_DIR; };
		F8F3A668149CF5DA000CD0A4 /* UIKit.framework */ = {isa = PBXFileReference; lastKnownFileType = wrapper.framework; name = UIKit.framework; path = System/Library/Frameworks/UIKit.framework; sourceTree = SDKROOT; };
		F8F3A66A149CF5DA000CD0A4 /* Foundation.framework */ = {isa = PBXFileReference; lastKnownFileType = wrapper.framework; name = Foundation.framework; path = System/Library/Frameworks/Foundation.framework; sourceTree = SDKROOT; };
		F8F3A66C149CF5DA000CD0A4 /* CoreGraphics.framework */ = {isa = PBXFileReference; lastKnownFileType = wrapper.framework; name = CoreGraphics.framework; path = System/Library/Frameworks/CoreGraphics.framework; sourceTree = SDKROOT; };
		F8F3A670149CF5DA000CD0A4 /* Saxophoto-Info.plist */ = {isa = PBXFileReference; lastKnownFileType = text.plist.xml; path = "Saxophoto-Info.plist"; sourceTree = "<group>"; };
		F8F3A672149CF5DA000CD0A4 /* en */ = {isa = PBXFileReference; lastKnownFileType = text.plist.strings; name = en; path = en.lproj/InfoPlist.strings; sourceTree = "<group>"; };
		F8F3A674149CF5DA000CD0A4 /* main.m */ = {isa = PBXFileReference; lastKnownFileType = sourcecode.c.objc; path = main.m; sourceTree = "<group>"; };
		F8F3A676149CF5DA000CD0A4 /* Saxophoto-Prefix.pch */ = {isa = PBXFileReference; lastKnownFileType = sourcecode.c.h; path = "Saxophoto-Prefix.pch"; sourceTree = "<group>"; };
		F8F3A677149CF5DA000CD0A4 /* AppDelegate.h */ = {isa = PBXFileReference; lastKnownFileType = sourcecode.c.h; path = AppDelegate.h; sourceTree = "<group>"; };
		F8F3A678149CF5DA000CD0A4 /* AppDelegate.m */ = {isa = PBXFileReference; lastKnownFileType = sourcecode.c.objc; path = AppDelegate.m; sourceTree = "<group>"; };
		F8F3A67F149CF672000CD0A4 /* PhotosViewController.h */ = {isa = PBXFileReference; fileEncoding = 4; lastKnownFileType = sourcecode.c.h; name = PhotosViewController.h; path = Classes/Controllers/PhotosViewController.h; sourceTree = "<group>"; };
		F8F3A680149CF672000CD0A4 /* PhotosViewController.m */ = {isa = PBXFileReference; fileEncoding = 4; lastKnownFileType = sourcecode.c.objc; name = PhotosViewController.m; path = Classes/Controllers/PhotosViewController.m; sourceTree = "<group>"; };
		F8F3A685149D0317000CD0A4 /* AFHTTPClient.h */ = {isa = PBXFileReference; fileEncoding = 4; lastKnownFileType = sourcecode.c.h; path = AFHTTPClient.h; sourceTree = "<group>"; };
		F8F3A686149D0317000CD0A4 /* AFHTTPClient.m */ = {isa = PBXFileReference; fileEncoding = 4; lastKnownFileType = sourcecode.c.objc; path = AFHTTPClient.m; sourceTree = "<group>"; };
		F8F3A687149D0317000CD0A4 /* AFHTTPRequestOperation.h */ = {isa = PBXFileReference; fileEncoding = 4; lastKnownFileType = sourcecode.c.h; path = AFHTTPRequestOperation.h; sourceTree = "<group>"; };
		F8F3A688149D0317000CD0A4 /* AFHTTPRequestOperation.m */ = {isa = PBXFileReference; fileEncoding = 4; lastKnownFileType = sourcecode.c.objc; path = AFHTTPRequestOperation.m; sourceTree = "<group>"; };
		F8F3A689149D0317000CD0A4 /* AFImageCache.h */ = {isa = PBXFileReference; fileEncoding = 4; lastKnownFileType = sourcecode.c.h; path = AFImageCache.h; sourceTree = "<group>"; };
		F8F3A68A149D0317000CD0A4 /* AFImageCache.m */ = {isa = PBXFileReference; fileEncoding = 4; lastKnownFileType = sourcecode.c.objc; path = AFImageCache.m; sourceTree = "<group>"; };
		F8F3A68B149D0317000CD0A4 /* AFImageRequestOperation.h */ = {isa = PBXFileReference; fileEncoding = 4; lastKnownFileType = sourcecode.c.h; path = AFImageRequestOperation.h; sourceTree = "<group>"; };
		F8F3A68C149D0317000CD0A4 /* AFImageRequestOperation.m */ = {isa = PBXFileReference; fileEncoding = 4; lastKnownFileType = sourcecode.c.objc; path = AFImageRequestOperation.m; sourceTree = "<group>"; };
		F8F3A68D149D0317000CD0A4 /* AFJSONRequestOperation.h */ = {isa = PBXFileReference; fileEncoding = 4; lastKnownFileType = sourcecode.c.h; path = AFJSONRequestOperation.h; sourceTree = "<group>"; };
		F8F3A68E149D0317000CD0A4 /* AFJSONRequestOperation.m */ = {isa = PBXFileReference; fileEncoding = 4; lastKnownFileType = sourcecode.c.objc; path = AFJSONRequestOperation.m; sourceTree = "<group>"; };
		F8F3A68F149D0317000CD0A4 /* AFJSONUtilities.h */ = {isa = PBXFileReference; fileEncoding = 4; lastKnownFileType = sourcecode.c.h; path = AFJSONUtilities.h; sourceTree = "<group>"; };
		F8F3A690149D0317000CD0A4 /* AFNetworkActivityIndicatorManager.h */ = {isa = PBXFileReference; fileEncoding = 4; lastKnownFileType = sourcecode.c.h; path = AFNetworkActivityIndicatorManager.h; sourceTree = "<group>"; };
		F8F3A691149D0317000CD0A4 /* AFNetworkActivityIndicatorManager.m */ = {isa = PBXFileReference; fileEncoding = 4; lastKnownFileType = sourcecode.c.objc; path = AFNetworkActivityIndicatorManager.m; sourceTree = "<group>"; };
		F8F3A692149D0317000CD0A4 /* AFNetworking.h */ = {isa = PBXFileReference; fileEncoding = 4; lastKnownFileType = sourcecode.c.h; path = AFNetworking.h; sourceTree = "<group>"; };
		F8F3A693149D0317000CD0A4 /* AFPropertyListRequestOperation.h */ = {isa = PBXFileReference; fileEncoding = 4; lastKnownFileType = sourcecode.c.h; path = AFPropertyListRequestOperation.h; sourceTree = "<group>"; };
		F8F3A694149D0317000CD0A4 /* AFPropertyListRequestOperation.m */ = {isa = PBXFileReference; fileEncoding = 4; lastKnownFileType = sourcecode.c.objc; path = AFPropertyListRequestOperation.m; sourceTree = "<group>"; };
		F8F3A695149D0317000CD0A4 /* AFURLConnectionOperation.h */ = {isa = PBXFileReference; fileEncoding = 4; lastKnownFileType = sourcecode.c.h; path = AFURLConnectionOperation.h; sourceTree = "<group>"; };
		F8F3A696149D0317000CD0A4 /* AFURLConnectionOperation.m */ = {isa = PBXFileReference; fileEncoding = 4; lastKnownFileType = sourcecode.c.objc; path = AFURLConnectionOperation.m; sourceTree = "<group>"; };
		F8F3A697149D0317000CD0A4 /* AFXMLRequestOperation.h */ = {isa = PBXFileReference; fileEncoding = 4; lastKnownFileType = sourcecode.c.h; path = AFXMLRequestOperation.h; sourceTree = "<group>"; };
		F8F3A698149D0317000CD0A4 /* AFXMLRequestOperation.m */ = {isa = PBXFileReference; fileEncoding = 4; lastKnownFileType = sourcecode.c.objc; path = AFXMLRequestOperation.m; sourceTree = "<group>"; };
		F8F3A699149D0317000CD0A4 /* UIImageView+AFNetworking.h */ = {isa = PBXFileReference; fileEncoding = 4; lastKnownFileType = sourcecode.c.h; path = "UIImageView+AFNetworking.h"; sourceTree = "<group>"; };
		F8F3A69A149D0317000CD0A4 /* UIImageView+AFNetworking.m */ = {isa = PBXFileReference; fileEncoding = 4; lastKnownFileType = sourcecode.c.objc; path = "UIImageView+AFNetworking.m"; sourceTree = "<group>"; };
		F8F3A6A5149D0374000CD0A4 /* SaxophotoAPIClient.h */ = {isa = PBXFileReference; fileEncoding = 4; lastKnownFileType = sourcecode.c.h; path = SaxophotoAPIClient.h; sourceTree = "<group>"; };
		F8F3A6A6149D0374000CD0A4 /* SaxophotoAPIClient.m */ = {isa = PBXFileReference; fileEncoding = 4; lastKnownFileType = sourcecode.c.objc; path = SaxophotoAPIClient.m; sourceTree = "<group>"; };
		F8F3A6A8149D0CAD000CD0A4 /* Photo.h */ = {isa = PBXFileReference; fileEncoding = 4; lastKnownFileType = sourcecode.c.h; name = Photo.h; path = Classes/Models/Photo.h; sourceTree = "<group>"; };
		F8F3A6A9149D0CAD000CD0A4 /* Photo.m */ = {isa = PBXFileReference; fileEncoding = 4; lastKnownFileType = sourcecode.c.objc; name = Photo.m; path = Classes/Models/Photo.m; sourceTree = "<group>"; };
		F8F3A6AC149D0E6F000CD0A4 /* placeholder-photo.png */ = {isa = PBXFileReference; lastKnownFileType = image.png; path = "placeholder-photo.png"; sourceTree = "<group>"; };
/* End PBXFileReference section */

/* Begin PBXFrameworksBuildPhase section */
		F8F3A661149CF5DA000CD0A4 /* Frameworks */ = {
			isa = PBXFrameworksBuildPhase;
			buildActionMask = 2147483647;
			files = (
				F8F3A669149CF5DA000CD0A4 /* UIKit.framework in Frameworks */,
				F8F3A66B149CF5DA000CD0A4 /* Foundation.framework in Frameworks */,
				F8F3A66D149CF5DA000CD0A4 /* CoreGraphics.framework in Frameworks */,
			);
			runOnlyForDeploymentPostprocessing = 0;
		};
/* End PBXFrameworksBuildPhase section */

/* Begin PBXGroup section */
		F8F3A659149CF5DA000CD0A4 = {
			isa = PBXGroup;
			children = (
				F8F3A66E149CF5DA000CD0A4 /* Saxophoto */,
				F8F3A6AC149D0E6F000CD0A4 /* placeholder-photo.png */,
				F8F3A667149CF5DA000CD0A4 /* Frameworks */,
				F8F3A665149CF5DA000CD0A4 /* Products */,
				F8F3A683149D0317000CD0A4 /* Vendor */,
			);
			sourceTree = "<group>";
		};
		F8F3A665149CF5DA000CD0A4 /* Products */ = {
			isa = PBXGroup;
			children = (
				F8F3A664149CF5DA000CD0A4 /* Saxophoto.app */,
			);
			name = Products;
			sourceTree = "<group>";
		};
		F8F3A667149CF5DA000CD0A4 /* Frameworks */ = {
			isa = PBXGroup;
			children = (
				F8F3A668149CF5DA000CD0A4 /* UIKit.framework */,
				F8F3A66A149CF5DA000CD0A4 /* Foundation.framework */,
				F8F3A66C149CF5DA000CD0A4 /* CoreGraphics.framework */,
			);
			name = Frameworks;
			sourceTree = "<group>";
		};
		F8F3A66E149CF5DA000CD0A4 /* Saxophoto */ = {
			isa = PBXGroup;
			children = (
				F8F3A677149CF5DA000CD0A4 /* AppDelegate.h */,
				F8F3A678149CF5DA000CD0A4 /* AppDelegate.m */,
				F8F3A6A5149D0374000CD0A4 /* SaxophotoAPIClient.h */,
				F8F3A6A6149D0374000CD0A4 /* SaxophotoAPIClient.m */,
				F8F3A682149CF68C000CD0A4 /* Controllers */,
				F8F3A6AB149D0CB2000CD0A4 /* Models */,
				F8F3A66F149CF5DA000CD0A4 /* Supporting Files */,
			);
			path = Saxophoto;
			sourceTree = "<group>";
		};
		F8F3A66F149CF5DA000CD0A4 /* Supporting Files */ = {
			isa = PBXGroup;
			children = (
				F8F3A670149CF5DA000CD0A4 /* Saxophoto-Info.plist */,
				F8F3A671149CF5DA000CD0A4 /* InfoPlist.strings */,
				F8F3A674149CF5DA000CD0A4 /* main.m */,
				F8F3A676149CF5DA000CD0A4 /* Saxophoto-Prefix.pch */,
			);
			name = "Supporting Files";
			sourceTree = "<group>";
		};
		F8F3A682149CF68C000CD0A4 /* Controllers */ = {
			isa = PBXGroup;
			children = (
				F8F3A67F149CF672000CD0A4 /* PhotosViewController.h */,
				F8F3A680149CF672000CD0A4 /* PhotosViewController.m */,
			);
			name = Controllers;
			sourceTree = "<group>";
		};
		F8F3A683149D0317000CD0A4 /* Vendor */ = {
			isa = PBXGroup;
			children = (
				F8F3A684149D0317000CD0A4 /* AFNetworking */,
			);
			name = Vendor;
			path = Saxophoto/Vendor;
			sourceTree = "<group>";
		};
		F8F3A684149D0317000CD0A4 /* AFNetworking */ = {
			isa = PBXGroup;
			children = (
				F8F3A685149D0317000CD0A4 /* AFHTTPClient.h */,
				F8F3A686149D0317000CD0A4 /* AFHTTPClient.m */,
				F8F3A687149D0317000CD0A4 /* AFHTTPRequestOperation.h */,
				F8F3A688149D0317000CD0A4 /* AFHTTPRequestOperation.m */,
				F8F3A689149D0317000CD0A4 /* AFImageCache.h */,
				F8F3A68A149D0317000CD0A4 /* AFImageCache.m */,
				F8F3A68B149D0317000CD0A4 /* AFImageRequestOperation.h */,
				F8F3A68C149D0317000CD0A4 /* AFImageRequestOperation.m */,
				F8F3A68D149D0317000CD0A4 /* AFJSONRequestOperation.h */,
				F8F3A68E149D0317000CD0A4 /* AFJSONRequestOperation.m */,
				F8F3A68F149D0317000CD0A4 /* AFJSONUtilities.h */,
				F8F3A690149D0317000CD0A4 /* AFNetworkActivityIndicatorManager.h */,
				F8F3A691149D0317000CD0A4 /* AFNetworkActivityIndicatorManager.m */,
				F8F3A692149D0317000CD0A4 /* AFNetworking.h */,
				F8F3A693149D0317000CD0A4 /* AFPropertyListRequestOperation.h */,
				F8F3A694149D0317000CD0A4 /* AFPropertyListRequestOperation.m */,
				F8F3A695149D0317000CD0A4 /* AFURLConnectionOperation.h */,
				F8F3A696149D0317000CD0A4 /* AFURLConnectionOperation.m */,
				F8F3A697149D0317000CD0A4 /* AFXMLRequestOperation.h */,
				F8F3A698149D0317000CD0A4 /* AFXMLRequestOperation.m */,
				F8F3A699149D0317000CD0A4 /* UIImageView+AFNetworking.h */,
				F8F3A69A149D0317000CD0A4 /* UIImageView+AFNetworking.m */,
			);
			path = AFNetworking;
			sourceTree = "<group>";
		};
		F8F3A6AB149D0CB2000CD0A4 /* Models */ = {
			isa = PBXGroup;
			children = (
				F8F3A6A8149D0CAD000CD0A4 /* Photo.h */,
				F8F3A6A9149D0CAD000CD0A4 /* Photo.m */,
			);
			name = Models;
			sourceTree = "<group>";
		};
/* End PBXGroup section */

/* Begin PBXNativeTarget section */
		F8F3A663149CF5DA000CD0A4 /* Saxophoto */ = {
			isa = PBXNativeTarget;
			buildConfigurationList = F8F3A67C149CF5DA000CD0A4 /* Build configuration list for PBXNativeTarget "Saxophoto" */;
			buildPhases = (
				F8F3A660149CF5DA000CD0A4 /* Sources */,
				F8F3A661149CF5DA000CD0A4 /* Frameworks */,
				F8F3A662149CF5DA000CD0A4 /* Resources */,
			);
			buildRules = (
			);
			dependencies = (
			);
			name = Saxophoto;
			productName = Saxophoto;
			productReference = F8F3A664149CF5DA000CD0A4 /* Saxophoto.app */;
			productType = "com.apple.product-type.application";
		};
/* End PBXNativeTarget section */

/* Begin PBXProject section */
		F8F3A65B149CF5DA000CD0A4 /* Project object */ = {
			isa = PBXProject;
			attributes = {
				LastUpgradeCheck = 0420;
			};
			buildConfigurationList = F8F3A65E149CF5DA000CD0A4 /* Build configuration list for PBXProject "Saxophoto" */;
			compatibilityVersion = "Xcode 3.2";
			developmentRegion = English;
			hasScannedForEncodings = 0;
			knownRegions = (
				en,
			);
			mainGroup = F8F3A659149CF5DA000CD0A4;
			productRefGroup = F8F3A665149CF5DA000CD0A4 /* Products */;
			projectDirPath = "";
			projectRoot = "";
			targets = (
				F8F3A663149CF5DA000CD0A4 /* Saxophoto */,
			);
		};
/* End PBXProject section */

/* Begin PBXResourcesBuildPhase section */
		F8F3A662149CF5DA000CD0A4 /* Resources */ = {
			isa = PBXResourcesBuildPhase;
			buildActionMask = 2147483647;
			files = (
				F8F3A673149CF5DA000CD0A4 /* InfoPlist.strings in Resources */,
				F8F3A6AD149D0E6F000CD0A4 /* placeholder-photo.png in Resources */,
			);
			runOnlyForDeploymentPostprocessing = 0;
		};
/* End PBXResourcesBuildPhase section */

/* Begin PBXSourcesBuildPhase section */
		F8F3A660149CF5DA000CD0A4 /* Sources */ = {
			isa = PBXSourcesBuildPhase;
			buildActionMask = 2147483647;
			files = (
				F8F3A675149CF5DA000CD0A4 /* main.m in Sources */,
				F8F3A679149CF5DA000CD0A4 /* AppDelegate.m in Sources */,
				F8F3A681149CF672000CD0A4 /* PhotosViewController.m in Sources */,
				F8F3A69B149D0317000CD0A4 /* AFHTTPClient.m in Sources */,
				F8F3A69C149D0317000CD0A4 /* AFHTTPRequestOperation.m in Sources */,
				F8F3A69D149D0317000CD0A4 /* AFImageCache.m in Sources */,
				F8F3A69E149D0317000CD0A4 /* AFImageRequestOperation.m in Sources */,
				F8F3A69F149D0317000CD0A4 /* AFJSONRequestOperation.m in Sources */,
				F8F3A6A0149D0317000CD0A4 /* AFNetworkActivityIndicatorManager.m in Sources */,
				F8F3A6A1149D0317000CD0A4 /* AFPropertyListRequestOperation.m in Sources */,
				F8F3A6A2149D0317000CD0A4 /* AFURLConnectionOperation.m in Sources */,
				F8F3A6A3149D0317000CD0A4 /* AFXMLRequestOperation.m in Sources */,
				F8F3A6A4149D0317000CD0A4 /* UIImageView+AFNetworking.m in Sources */,
				F8F3A6A7149D0374000CD0A4 /* SaxophotoAPIClient.m in Sources */,
				F8F3A6AA149D0CAD000CD0A4 /* Photo.m in Sources */,
			);
			runOnlyForDeploymentPostprocessing = 0;
		};
/* End PBXSourcesBuildPhase section */

/* Begin PBXVariantGroup section */
		F8F3A671149CF5DA000CD0A4 /* InfoPlist.strings */ = {
			isa = PBXVariantGroup;
			children = (
				F8F3A672149CF5DA000CD0A4 /* en */,
			);
			name = InfoPlist.strings;
			sourceTree = "<group>";
		};
/* End PBXVariantGroup section */

/* Begin XCBuildConfiguration section */
		F8F3A67A149CF5DA000CD0A4 /* Debug */ = {
			isa = XCBuildConfiguration;
			buildSettings = {
				ALWAYS_SEARCH_USER_PATHS = NO;
				ARCHS = "$(ARCHS_STANDARD_32_BIT)";
				"CODE_SIGN_IDENTITY[sdk=iphoneos*]" = "iPhone Developer";
				COPY_PHASE_STRIP = NO;
				GCC_C_LANGUAGE_STANDARD = gnu99;
				GCC_DYNAMIC_NO_PIC = NO;
				GCC_OPTIMIZATION_LEVEL = 0;
				GCC_PREPROCESSOR_DEFINITIONS = (
					"DEBUG=1",
					"$(inherited)",
				);
				GCC_SYMBOLS_PRIVATE_EXTERN = NO;
				GCC_VERSION = com.apple.compilers.llvm.clang.1_0;
				GCC_WARN_ABOUT_MISSING_PROTOTYPES = YES;
				GCC_WARN_ABOUT_RETURN_TYPE = YES;
				GCC_WARN_UNUSED_VARIABLE = YES;
				IPHONEOS_DEPLOYMENT_TARGET = 5.0;
				SDKROOT = iphoneos;
			};
			name = Debug;
		};
		F8F3A67B149CF5DA000CD0A4 /* Release */ = {
			isa = XCBuildConfiguration;
			buildSettings = {
				ALWAYS_SEARCH_USER_PATHS = NO;
				ARCHS = "$(ARCHS_STANDARD_32_BIT)";
				"CODE_SIGN_IDENTITY[sdk=iphoneos*]" = "iPhone Developer";
				COPY_PHASE_STRIP = YES;
				GCC_C_LANGUAGE_STANDARD = gnu99;
				GCC_VERSION = com.apple.compilers.llvm.clang.1_0;
				GCC_WARN_ABOUT_MISSING_PROTOTYPES = YES;
				GCC_WARN_ABOUT_RETURN_TYPE = YES;
				GCC_WARN_UNUSED_VARIABLE = YES;
				IPHONEOS_DEPLOYMENT_TARGET = 5.0;
				OTHER_CFLAGS = "-DNS_BLOCK_ASSERTIONS=1";
				SDKROOT = iphoneos;
				VALIDATE_PRODUCT = YES;
			};
			name = Release;
		};
		F8F3A67D149CF5DA000CD0A4 /* Debug */ = {
			isa = XCBuildConfiguration;
			buildSettings = {
				GCC_PRECOMPILE_PREFIX_HEADER = YES;
				GCC_PREFIX_HEADER = "Saxophoto/Saxophoto-Prefix.pch";
				INFOPLIST_FILE = "Saxophoto/Saxophoto-Info.plist";
				PRODUCT_NAME = "$(TARGET_NAME)";
				WRAPPER_EXTENSION = app;
			};
			name = Debug;
		};
		F8F3A67E149CF5DA000CD0A4 /* Release */ = {
			isa = XCBuildConfiguration;
			buildSettings = {
				GCC_PRECOMPILE_PREFIX_HEADER = YES;
				GCC_PREFIX_HEADER = "Saxophoto/Saxophoto-Prefix.pch";
				INFOPLIST_FILE = "Saxophoto/Saxophoto-Info.plist";
				PRODUCT_NAME = "$(TARGET_NAME)";
				WRAPPER_EXTENSION = app;
			};
			name = Release;
		};
/* End XCBuildConfiguration section */

/* Begin XCConfigurationList section */
		F8F3A65E149CF5DA000CD0A4 /* Build configuration list for PBXProject "Saxophoto" */ = {
			isa = XCConfigurationList;
			buildConfigurations = (
				F8F3A67A149CF5DA000CD0A4 /* Debug */,
				F8F3A67B149CF5DA000CD0A4 /* Release */,
			);
			defaultConfigurationIsVisible = 0;
			defaultConfigurationName = Release;
		};
		F8F3A67C149CF5DA000CD0A4 /* Build configuration list for PBXNativeTarget "Saxophoto" */ = {
			isa = XCConfigurationList;
			buildConfigurations = (
				F8F3A67D149CF5DA000CD0A4 /* Debug */,
				F8F3A67E149CF5DA000CD0A4 /* Release */,
			);
			defaultConfigurationIsVisible = 0;
		};
/* End XCConfigurationList section */
	};
	rootObject = F8F3A65B149CF5DA000CD0A4 /* Project object */;
}
